// !$*UTF8*$!
{
	archiveVersion = 1;
	classes = {
	};
	objectVersion = 50;
	objects = {

/* Begin PBXBuildFile section */
		5C063C5C24460CA100BAF316 /* AppDelegate.swift in Sources */ = {isa = PBXBuildFile; fileRef = 5C063C5B24460CA100BAF316 /* AppDelegate.swift */; };
		5C063C5E24460CA100BAF316 /* SceneDelegate.swift in Sources */ = {isa = PBXBuildFile; fileRef = 5C063C5D24460CA100BAF316 /* SceneDelegate.swift */; };
		5C063C6024460CA100BAF316 /* ContentView.swift in Sources */ = {isa = PBXBuildFile; fileRef = 5C063C5F24460CA100BAF316 /* ContentView.swift */; };
		5C063C6224460CA300BAF316 /* Assets.xcassets in Resources */ = {isa = PBXBuildFile; fileRef = 5C063C6124460CA300BAF316 /* Assets.xcassets */; };
		5C063C6524460CA300BAF316 /* Preview Assets.xcassets in Resources */ = {isa = PBXBuildFile; fileRef = 5C063C6424460CA300BAF316 /* Preview Assets.xcassets */; };
		5C063C6824460CA300BAF316 /* LaunchScreen.storyboard in Resources */ = {isa = PBXBuildFile; fileRef = 5C063C6624460CA300BAF316 /* LaunchScreen.storyboard */; };
		5C063C7324460CA300BAF316 /* Day36_Project7Tests.swift in Sources */ = {isa = PBXBuildFile; fileRef = 5C063C7224460CA300BAF316 /* Day36_Project7Tests.swift */; };
		5C063C7E24460CA300BAF316 /* Day36_Project7UITests.swift in Sources */ = {isa = PBXBuildFile; fileRef = 5C063C7D24460CA300BAF316 /* Day36_Project7UITests.swift */; };
/* End PBXBuildFile section */

/* Begin PBXContainerItemProxy section */
		5C063C6F24460CA300BAF316 /* PBXContainerItemProxy */ = {
			isa = PBXContainerItemProxy;
			containerPortal = 5C063C5024460CA100BAF316 /* Project object */;
			proxyType = 1;
			remoteGlobalIDString = 5C063C5724460CA100BAF316;
			remoteInfo = Day36_Project7;
		};
		5C063C7A24460CA300BAF316 /* PBXContainerItemProxy */ = {
			isa = PBXContainerItemProxy;
			containerPortal = 5C063C5024460CA100BAF316 /* Project object */;
			proxyType = 1;
			remoteGlobalIDString = 5C063C5724460CA100BAF316;
			remoteInfo = Day36_Project7;
		};
/* End PBXContainerItemProxy section */

/* Begin PBXFileReference section */
		5C063C5824460CA100BAF316 /* Day36_Project7.app */ = {isa = PBXFileReference; explicitFileType = wrapper.application; includeInIndex = 0; path = Day36_Project7.app; sourceTree = BUILT_PRODUCTS_DIR; };
		5C063C5B24460CA100BAF316 /* AppDelegate.swift */ = {isa = PBXFileReference; lastKnownFileType = sourcecode.swift; path = AppDelegate.swift; sourceTree = "<group>"; };
		5C063C5D24460CA100BAF316 /* SceneDelegate.swift */ = {isa = PBXFileReference; lastKnownFileType = sourcecode.swift; path = SceneDelegate.swift; sourceTree = "<group>"; };
		5C063C5F24460CA100BAF316 /* ContentView.swift */ = {isa = PBXFileReference; lastKnownFileType = sourcecode.swift; path = ContentView.swift; sourceTree = "<group>"; };
		5C063C6124460CA300BAF316 /* Assets.xcassets */ = {isa = PBXFileReference; lastKnownFileType = folder.assetcatalog; path = Assets.xcassets; sourceTree = "<group>"; };
		5C063C6424460CA300BAF316 /* Preview Assets.xcassets */ = {isa = PBXFileReference; lastKnownFileType = folder.assetcatalog; path = "Preview Assets.xcassets"; sourceTree = "<group>"; };
		5C063C6724460CA300BAF316 /* Base */ = {isa = PBXFileReference; lastKnownFileType = file.storyboard; name = Base; path = Base.lproj/LaunchScreen.storyboard; sourceTree = "<group>"; };
		5C063C6924460CA300BAF316 /* Info.plist */ = {isa = PBXFileReference; lastKnownFileType = text.plist.xml; path = Info.plist; sourceTree = "<group>"; };
		5C063C6E24460CA300BAF316 /* Day36_Project7Tests.xctest */ = {isa = PBXFileReference; explicitFileType = wrapper.cfbundle; includeInIndex = 0; path = Day36_Project7Tests.xctest; sourceTree = BUILT_PRODUCTS_DIR; };
		5C063C7224460CA300BAF316 /* Day36_Project7Tests.swift */ = {isa = PBXFileReference; lastKnownFileType = sourcecode.swift; path = Day36_Project7Tests.swift; sourceTree = "<group>"; };
		5C063C7424460CA300BAF316 /* Info.plist */ = {isa = PBXFileReference; lastKnownFileType = text.plist.xml; path = Info.plist; sourceTree = "<group>"; };
		5C063C7924460CA300BAF316 /* Day36_Project7UITests.xctest */ = {isa = PBXFileReference; explicitFileType = wrapper.cfbundle; includeInIndex = 0; path = Day36_Project7UITests.xctest; sourceTree = BUILT_PRODUCTS_DIR; };
		5C063C7D24460CA300BAF316 /* Day36_Project7UITests.swift */ = {isa = PBXFileReference; lastKnownFileType = sourcecode.swift; path = Day36_Project7UITests.swift; sourceTree = "<group>"; };
		5C063C7F24460CA300BAF316 /* Info.plist */ = {isa = PBXFileReference; lastKnownFileType = text.plist.xml; path = Info.plist; sourceTree = "<group>"; };
/* End PBXFileReference section */

/* Begin PBXFrameworksBuildPhase section */
		5C063C5524460CA100BAF316 /* Frameworks */ = {
			isa = PBXFrameworksBuildPhase;
			buildActionMask = 2147483647;
			files = (
			);
			runOnlyForDeploymentPostprocessing = 0;
		};
		5C063C6B24460CA300BAF316 /* Frameworks */ = {
			isa = PBXFrameworksBuildPhase;
			buildActionMask = 2147483647;
			files = (
			);
			runOnlyForDeploymentPostprocessing = 0;
		};
		5C063C7624460CA300BAF316 /* Frameworks */ = {
			isa = PBXFrameworksBuildPhase;
			buildActionMask = 2147483647;
			files = (
			);
			runOnlyForDeploymentPostprocessing = 0;
		};
/* End PBXFrameworksBuildPhase section */

/* Begin PBXGroup section */
		5C063C4F24460CA100BAF316 = {
			isa = PBXGroup;
			children = (
				5C063C5A24460CA100BAF316 /* Day36_Project7 */,
				5C063C7124460CA300BAF316 /* Day36_Project7Tests */,
				5C063C7C24460CA300BAF316 /* Day36_Project7UITests */,
				5C063C5924460CA100BAF316 /* Products */,
			);
			sourceTree = "<group>";
		};
		5C063C5924460CA100BAF316 /* Products */ = {
			isa = PBXGroup;
			children = (
				5C063C5824460CA100BAF316 /* Day36_Project7.app */,
				5C063C6E24460CA300BAF316 /* Day36_Project7Tests.xctest */,
				5C063C7924460CA300BAF316 /* Day36_Project7UITests.xctest */,
			);
			name = Products;
			sourceTree = "<group>";
		};
		5C063C5A24460CA100BAF316 /* Day36_Project7 */ = {
			isa = PBXGroup;
			children = (
				5C063C5B24460CA100BAF316 /* AppDelegate.swift */,
				5C063C5D24460CA100BAF316 /* SceneDelegate.swift */,
				5C063C5F24460CA100BAF316 /* ContentView.swift */,
				5C063C6124460CA300BAF316 /* Assets.xcassets */,
				5C063C6624460CA300BAF316 /* LaunchScreen.storyboard */,
				5C063C6924460CA300BAF316 /* Info.plist */,
				5C063C6324460CA300BAF316 /* Preview Content */,
			);
			path = Day36_Project7;
			sourceTree = "<group>";
		};
		5C063C6324460CA300BAF316 /* Preview Content */ = {
			isa = PBXGroup;
			children = (
				5C063C6424460CA300BAF316 /* Preview Assets.xcassets */,
			);
			path = "Preview Content";
			sourceTree = "<group>";
		};
		5C063C7124460CA300BAF316 /* Day36_Project7Tests */ = {
			isa = PBXGroup;
			children = (
				5C063C7224460CA300BAF316 /* Day36_Project7Tests.swift */,
				5C063C7424460CA300BAF316 /* Info.plist */,
			);
			path = Day36_Project7Tests;
			sourceTree = "<group>";
		};
		5C063C7C24460CA300BAF316 /* Day36_Project7UITests */ = {
			isa = PBXGroup;
			children = (
				5C063C7D24460CA300BAF316 /* Day36_Project7UITests.swift */,
				5C063C7F24460CA300BAF316 /* Info.plist */,
			);
			path = Day36_Project7UITests;
			sourceTree = "<group>";
		};
/* End PBXGroup section */

/* Begin PBXNativeTarget section */
		5C063C5724460CA100BAF316 /* Day36_Project7 */ = {
			isa = PBXNativeTarget;
			buildConfigurationList = 5C063C8224460CA300BAF316 /* Build configuration list for PBXNativeTarget "Day36_Project7" */;
			buildPhases = (
				5C063C5424460CA100BAF316 /* Sources */,
				5C063C5524460CA100BAF316 /* Frameworks */,
				5C063C5624460CA100BAF316 /* Resources */,
			);
			buildRules = (
			);
			dependencies = (
			);
			name = Day36_Project7;
			productName = Day36_Project7;
			productReference = 5C063C5824460CA100BAF316 /* Day36_Project7.app */;
			productType = "com.apple.product-type.application";
		};
		5C063C6D24460CA300BAF316 /* Day36_Project7Tests */ = {
			isa = PBXNativeTarget;
			buildConfigurationList = 5C063C8524460CA300BAF316 /* Build configuration list for PBXNativeTarget "Day36_Project7Tests" */;
			buildPhases = (
				5C063C6A24460CA300BAF316 /* Sources */,
				5C063C6B24460CA300BAF316 /* Frameworks */,
				5C063C6C24460CA300BAF316 /* Resources */,
			);
			buildRules = (
			);
			dependencies = (
				5C063C7024460CA300BAF316 /* PBXTargetDependency */,
			);
			name = Day36_Project7Tests;
			productName = Day36_Project7Tests;
			productReference = 5C063C6E24460CA300BAF316 /* Day36_Project7Tests.xctest */;
			productType = "com.apple.product-type.bundle.unit-test";
		};
		5C063C7824460CA300BAF316 /* Day36_Project7UITests */ = {
			isa = PBXNativeTarget;
			buildConfigurationList = 5C063C8824460CA300BAF316 /* Build configuration list for PBXNativeTarget "Day36_Project7UITests" */;
			buildPhases = (
				5C063C7524460CA300BAF316 /* Sources */,
				5C063C7624460CA300BAF316 /* Frameworks */,
				5C063C7724460CA300BAF316 /* Resources */,
			);
			buildRules = (
			);
			dependencies = (
				5C063C7B24460CA300BAF316 /* PBXTargetDependency */,
			);
			name = Day36_Project7UITests;
			productName = Day36_Project7UITests;
			productReference = 5C063C7924460CA300BAF316 /* Day36_Project7UITests.xctest */;
			productType = "com.apple.product-type.bundle.ui-testing";
		};
/* End PBXNativeTarget section */

/* Begin PBXProject section */
		5C063C5024460CA100BAF316 /* Project object */ = {
			isa = PBXProject;
			attributes = {
				LastSwiftUpdateCheck = 1140;
				LastUpgradeCheck = 1140;
				ORGANIZATIONNAME = jb;
				TargetAttributes = {
					5C063C5724460CA100BAF316 = {
						CreatedOnToolsVersion = 11.4;
					};
					5C063C6D24460CA300BAF316 = {
						CreatedOnToolsVersion = 11.4;
						TestTargetID = 5C063C5724460CA100BAF316;
					};
					5C063C7824460CA300BAF316 = {
						CreatedOnToolsVersion = 11.4;
						TestTargetID = 5C063C5724460CA100BAF316;
					};
				};
			};
			buildConfigurationList = 5C063C5324460CA100BAF316 /* Build configuration list for PBXProject "Day36_Project7" */;
			compatibilityVersion = "Xcode 9.3";
			developmentRegion = en;
			hasScannedForEncodings = 0;
			knownRegions = (
				en,
				Base,
			);
			mainGroup = 5C063C4F24460CA100BAF316;
			productRefGroup = 5C063C5924460CA100BAF316 /* Products */;
			projectDirPath = "";
			projectRoot = "";
			targets = (
				5C063C5724460CA100BAF316 /* Day36_Project7 */,
				5C063C6D24460CA300BAF316 /* Day36_Project7Tests */,
				5C063C7824460CA300BAF316 /* Day36_Project7UITests */,
			);
		};
/* End PBXProject section */

/* Begin PBXResourcesBuildPhase section */
		5C063C5624460CA100BAF316 /* Resources */ = {
			isa = PBXResourcesBuildPhase;
			buildActionMask = 2147483647;
			files = (
				5C063C6824460CA300BAF316 /* LaunchScreen.storyboard in Resources */,
				5C063C6524460CA300BAF316 /* Preview Assets.xcassets in Resources */,
				5C063C6224460CA300BAF316 /* Assets.xcassets in Resources */,
			);
			runOnlyForDeploymentPostprocessing = 0;
		};
		5C063C6C24460CA300BAF316 /* Resources */ = {
			isa = PBXResourcesBuildPhase;
			buildActionMask = 2147483647;
			files = (
			);
			runOnlyForDeploymentPostprocessing = 0;
		};
		5C063C7724460CA300BAF316 /* Resources */ = {
			isa = PBXResourcesBuildPhase;
			buildActionMask = 2147483647;
			files = (
			);
			runOnlyForDeploymentPostprocessing = 0;
		};
/* End PBXResourcesBuildPhase section */

/* Begin PBXSourcesBuildPhase section */
		5C063C5424460CA100BAF316 /* Sources */ = {
			isa = PBXSourcesBuildPhase;
			buildActionMask = 2147483647;
			files = (
				5C063C5C24460CA100BAF316 /* AppDelegate.swift in Sources */,
				5C063C5E24460CA100BAF316 /* SceneDelegate.swift in Sources */,
				5C063C6024460CA100BAF316 /* ContentView.swift in Sources */,
			);
			runOnlyForDeploymentPostprocessing = 0;
		};
		5C063C6A24460CA300BAF316 /* Sources */ = {
			isa = PBXSourcesBuildPhase;
			buildActionMask = 2147483647;
			files = (
				5C063C7324460CA300BAF316 /* Day36_Project7Tests.swift in Sources */,
			);
			runOnlyForDeploymentPostprocessing = 0;
		};
		5C063C7524460CA300BAF316 /* Sources */ = {
			isa = PBXSourcesBuildPhase;
			buildActionMask = 2147483647;
			files = (
				5C063C7E24460CA300BAF316 /* Day36_Project7UITests.swift in Sources */,
			);
			runOnlyForDeploymentPostprocessing = 0;
		};
/* End PBXSourcesBuildPhase section */

/* Begin PBXTargetDependency section */
		5C063C7024460CA300BAF316 /* PBXTargetDependency */ = {
			isa = PBXTargetDependency;
			target = 5C063C5724460CA100BAF316 /* Day36_Project7 */;
			targetProxy = 5C063C6F24460CA300BAF316 /* PBXContainerItemProxy */;
		};
		5C063C7B24460CA300BAF316 /* PBXTargetDependency */ = {
			isa = PBXTargetDependency;
			target = 5C063C5724460CA100BAF316 /* Day36_Project7 */;
			targetProxy = 5C063C7A24460CA300BAF316 /* PBXContainerItemProxy */;
		};
/* End PBXTargetDependency section */

/* Begin PBXVariantGroup section */
		5C063C6624460CA300BAF316 /* LaunchScreen.storyboard */ = {
			isa = PBXVariantGroup;
			children = (
				5C063C6724460CA300BAF316 /* Base */,
			);
			name = LaunchScreen.storyboard;
			sourceTree = "<group>";
		};
/* End PBXVariantGroup section */

/* Begin XCBuildConfiguration section */
		5C063C8024460CA300BAF316 /* Debug */ = {
			isa = XCBuildConfiguration;
			buildSettings = {
				ALWAYS_SEARCH_USER_PATHS = NO;
				CLANG_ANALYZER_NONNULL = YES;
				CLANG_ANALYZER_NUMBER_OBJECT_CONVERSION = YES_AGGRESSIVE;
				CLANG_CXX_LANGUAGE_STANDARD = "gnu++14";
				CLANG_CXX_LIBRARY = "libc++";
				CLANG_ENABLE_MODULES = YES;
				CLANG_ENABLE_OBJC_ARC = YES;
				CLANG_ENABLE_OBJC_WEAK = YES;
				CLANG_WARN_BLOCK_CAPTURE_AUTORELEASING = YES;
				CLANG_WARN_BOOL_CONVERSION = YES;
				CLANG_WARN_COMMA = YES;
				CLANG_WARN_CONSTANT_CONVERSION = YES;
				CLANG_WARN_DEPRECATED_OBJC_IMPLEMENTATIONS = YES;
				CLANG_WARN_DIRECT_OBJC_ISA_USAGE = YES_ERROR;
				CLANG_WARN_DOCUMENTATION_COMMENTS = YES;
				CLANG_WARN_EMPTY_BODY = YES;
				CLANG_WARN_ENUM_CONVERSION = YES;
				CLANG_WARN_INFINITE_RECURSION = YES;
				CLANG_WARN_INT_CONVERSION = YES;
				CLANG_WARN_NON_LITERAL_NULL_CONVERSION = YES;
				CLANG_WARN_OBJC_IMPLICIT_RETAIN_SELF = YES;
				CLANG_WARN_OBJC_LITERAL_CONVERSION = YES;
				CLANG_WARN_OBJC_ROOT_CLASS = YES_ERROR;
				CLANG_WARN_RANGE_LOOP_ANALYSIS = YES;
				CLANG_WARN_STRICT_PROTOTYPES = YES;
				CLANG_WARN_SUSPICIOUS_MOVE = YES;
				CLANG_WARN_UNGUARDED_AVAILABILITY = YES_AGGRESSIVE;
				CLANG_WARN_UNREACHABLE_CODE = YES;
				CLANG_WARN__DUPLICATE_METHOD_MATCH = YES;
				COPY_PHASE_STRIP = NO;
				DEBUG_INFORMATION_FORMAT = dwarf;
				ENABLE_STRICT_OBJC_MSGSEND = YES;
				ENABLE_TESTABILITY = YES;
				GCC_C_LANGUAGE_STANDARD = gnu11;
				GCC_DYNAMIC_NO_PIC = NO;
				GCC_NO_COMMON_BLOCKS = YES;
				GCC_OPTIMIZATION_LEVEL = 0;
				GCC_PREPROCESSOR_DEFINITIONS = (
					"DEBUG=1",
					"$(inherited)",
				);
				GCC_WARN_64_TO_32_BIT_CONVERSION = YES;
				GCC_WARN_ABOUT_RETURN_TYPE = YES_ERROR;
				GCC_WARN_UNDECLARED_SELECTOR = YES;
				GCC_WARN_UNINITIALIZED_AUTOS = YES_AGGRESSIVE;
				GCC_WARN_UNUSED_FUNCTION = YES;
				GCC_WARN_UNUSED_VARIABLE = YES;
				IPHONEOS_DEPLOYMENT_TARGET = 13.4;
				MTL_ENABLE_DEBUG_INFO = INCLUDE_SOURCE;
				MTL_FAST_MATH = YES;
				ONLY_ACTIVE_ARCH = YES;
				SDKROOT = iphoneos;
				SWIFT_ACTIVE_COMPILATION_CONDITIONS = DEBUG;
				SWIFT_OPTIMIZATION_LEVEL = "-Onone";
			};
			name = Debug;
		};
		5C063C8124460CA300BAF316 /* Release */ = {
			isa = XCBuildConfiguration;
			buildSettings = {
				ALWAYS_SEARCH_USER_PATHS = NO;
				CLANG_ANALYZER_NONNULL = YES;
				CLANG_ANALYZER_NUMBER_OBJECT_CONVERSION = YES_AGGRESSIVE;
				CLANG_CXX_LANGUAGE_STANDARD = "gnu++14";
				CLANG_CXX_LIBRARY = "libc++";
				CLANG_ENABLE_MODULES = YES;
				CLANG_ENABLE_OBJC_ARC = YES;
				CLANG_ENABLE_OBJC_WEAK = YES;
				CLANG_WARN_BLOCK_CAPTURE_AUTORELEASING = YES;
				CLANG_WARN_BOOL_CONVERSION = YES;
				CLANG_WARN_COMMA = YES;
				CLANG_WARN_CONSTANT_CONVERSION = YES;
				CLANG_WARN_DEPRECATED_OBJC_IMPLEMENTATIONS = YES;
				CLANG_WARN_DIRECT_OBJC_ISA_USAGE = YES_ERROR;
				CLANG_WARN_DOCUMENTATION_COMMENTS = YES;
				CLANG_WARN_EMPTY_BODY = YES;
				CLANG_WARN_ENUM_CONVERSION = YES;
				CLANG_WARN_INFINITE_RECURSION = YES;
				CLANG_WARN_INT_CONVERSION = YES;
				CLANG_WARN_NON_LITERAL_NULL_CONVERSION = YES;
				CLANG_WARN_OBJC_IMPLICIT_RETAIN_SELF = YES;
				CLANG_WARN_OBJC_LITERAL_CONVERSION = YES;
				CLANG_WARN_OBJC_ROOT_CLASS = YES_ERROR;
				CLANG_WARN_RANGE_LOOP_ANALYSIS = YES;
				CLANG_WARN_STRICT_PROTOTYPES = YES;
				CLANG_WARN_SUSPICIOUS_MOVE = YES;
				CLANG_WARN_UNGUARDED_AVAILABILITY = YES_AGGRESSIVE;
				CLANG_WARN_UNREACHABLE_CODE = YES;
				CLANG_WARN__DUPLICATE_METHOD_MATCH = YES;
				COPY_PHASE_STRIP = NO;
				DEBUG_INFORMATION_FORMAT = "dwarf-with-dsym";
				ENABLE_NS_ASSERTIONS = NO;
				ENABLE_STRICT_OBJC_MSGSEND = YES;
				GCC_C_LANGUAGE_STANDARD = gnu11;
				GCC_NO_COMMON_BLOCKS = YES;
				GCC_WARN_64_TO_32_BIT_CONVERSION = YES;
				GCC_WARN_ABOUT_RETURN_TYPE = YES_ERROR;
				GCC_WARN_UNDECLARED_SELECTOR = YES;
				GCC_WARN_UNINITIALIZED_AUTOS = YES_AGGRESSIVE;
				GCC_WARN_UNUSED_FUNCTION = YES;
				GCC_WARN_UNUSED_VARIABLE = YES;
				IPHONEOS_DEPLOYMENT_TARGET = 13.4;
				MTL_ENABLE_DEBUG_INFO = NO;
				MTL_FAST_MATH = YES;
				SDKROOT = iphoneos;
				SWIFT_COMPILATION_MODE = wholemodule;
				SWIFT_OPTIMIZATION_LEVEL = "-O";
				VALIDATE_PRODUCT = YES;
			};
			name = Release;
		};
		5C063C8324460CA300BAF316 /* Debug */ = {
			isa = XCBuildConfiguration;
			buildSettings = {
				ASSETCATALOG_COMPILER_APPICON_NAME = AppIcon;
				CODE_SIGN_STYLE = Automatic;
				DEVELOPMENT_ASSET_PATHS = "\"Day36_Project7/Preview Content\"";
				DEVELOPMENT_TEAM = 6NNC3GTWWZ;
				ENABLE_PREVIEWS = YES;
				INFOPLIST_FILE = Day36_Project7/Info.plist;
				LD_RUNPATH_SEARCH_PATHS = (
					"$(inherited)",
					"@executable_path/Frameworks",
				);
				PRODUCT_BUNDLE_IDENTIFIER = "com.control4.Day36-Project7";
				PRODUCT_NAME = "$(TARGET_NAME)";
				SWIFT_VERSION = 5.0;
				TARGETED_DEVICE_FAMILY = "1,2";
			};
			name = Debug;
		};
		5C063C8424460CA300BAF316 /* Release */ = {
			isa = XCBuildConfiguration;
			buildSettings = {
				ASSETCATALOG_COMPILER_APPICON_NAME = AppIcon;
				CODE_SIGN_STYLE = Automatic;
				DEVELOPMENT_ASSET_PATHS = "\"Day36_Project7/Preview Content\"";
				DEVELOPMENT_TEAM = 6NNC3GTWWZ;
				ENABLE_PREVIEWS = YES;
				INFOPLIST_FILE = Day36_Project7/Info.plist;
				LD_RUNPATH_SEARCH_PATHS = (
					"$(inherited)",
					"@executable_path/Frameworks",
				);
				PRODUCT_BUNDLE_IDENTIFIER = "com.control4.Day36-Project7";
				PRODUCT_NAME = "$(TARGET_NAME)";
				SWIFT_VERSION = 5.0;
				TARGETED_DEVICE_FAMILY = "1,2";
			};
			name = Release;
		};
		5C063C8624460CA300BAF316 /* Debug */ = {
			isa = XCBuildConfiguration;
			buildSettings = {
				ALWAYS_EMBED_SWIFT_STANDARD_LIBRARIES = YES;
				BUNDLE_LOADER = "$(TEST_HOST)";
				CODE_SIGN_STYLE = Automatic;
				DEVELOPMENT_TEAM = 6NNC3GTWWZ;
				INFOPLIST_FILE = Day36_Project7Tests/Info.plist;
				IPHONEOS_DEPLOYMENT_TARGET = 13.4;
				LD_RUNPATH_SEARCH_PATHS = (
					"$(inherited)",
					"@executable_path/Frameworks",
					"@loader_path/Frameworks",
				);
				PRODUCT_BUNDLE_IDENTIFIER = "com.control4.Day36-Project7Tests";
				PRODUCT_NAME = "$(TARGET_NAME)";
				SWIFT_VERSION = 5.0;
				TARGETED_DEVICE_FAMILY = "1,2";
				TEST_HOST = "$(BUILT_PRODUCTS_DIR)/Day36_Project7.app/Day36_Project7";
			};
			name = Debug;
		};
		5C063C8724460CA300BAF316 /* Release */ = {
			isa = XCBuildConfiguration;
			buildSettings = {
				ALWAYS_EMBED_SWIFT_STANDARD_LIBRARIES = YES;
				BUNDLE_LOADER = "$(TEST_HOST)";
				CODE_SIGN_STYLE = Automatic;
				DEVELOPMENT_TEAM = 6NNC3GTWWZ;
				INFOPLIST_FILE = Day36_Project7Tests/Info.plist;
				IPHONEOS_DEPLOYMENT_TARGET = 13.4;
				LD_RUNPATH_SEARCH_PATHS = (
					"$(inherited)",
					"@executable_path/Frameworks",
					"@loader_path/Frameworks",
				);
				PRODUCT_BUNDLE_IDENTIFIER = "com.control4.Day36-Project7Tests";
				PRODUCT_NAME = "$(TARGET_NAME)";
				SWIFT_VERSION = 5.0;
				TARGETED_DEVICE_FAMILY = "1,2";
				TEST_HOST = "$(BUILT_PRODUCTS_DIR)/Day36_Project7.app/Day36_Project7";
			};
			name = Release;
		};
		5C063C8924460CA300BAF316 /* Debug */ = {
			isa = XCBuildConfiguration;
			buildSettings = {
				ALWAYS_EMBED_SWIFT_STANDARD_LIBRARIES = YES;
				CODE_SIGN_STYLE = Automatic;
				DEVELOPMENT_TEAM = 6NNC3GTWWZ;
				INFOPLIST_FILE = Day36_Project7UITests/Info.plist;
				LD_RUNPATH_SEARCH_PATHS = (
					"$(inherited)",
					"@executable_path/Frameworks",
					"@loader_path/Frameworks",
				);
				PRODUCT_BUNDLE_IDENTIFIER = "com.control4.Day36-Project7UITests";
				PRODUCT_NAME = "$(TARGET_NAME)";
				SWIFT_VERSION = 5.0;
				TARGETED_DEVICE_FAMILY = "1,2";
				TEST_TARGET_NAME = Day36_Project7;
			};
			name = Debug;
		};
		5C063C8A24460CA300BAF316 /* Release */ = {
			isa = XCBuildConfiguration;
			buildSettings = {
				ALWAYS_EMBED_SWIFT_STANDARD_LIBRARIES = YES;
				CODE_SIGN_STYLE = Automatic;
				DEVELOPMENT_TEAM = 6NNC3GTWWZ;
				INFOPLIST_FILE = Day36_Project7UITests/Info.plist;
				LD_RUNPATH_SEARCH_PATHS = (
					"$(inherited)",
					"@executable_path/Frameworks",
					"@loader_path/Frameworks",
				);
				PRODUCT_BUNDLE_IDENTIFIER = "com.control4.Day36-Project7UITests";
				PRODUCT_NAME = "$(TARGET_NAME)";
				SWIFT_VERSION = 5.0;
				TARGETED_DEVICE_FAMILY = "1,2";
				TEST_TARGET_NAME = Day36_Project7;
			};
			name = Release;
		};
/* End XCBuildConfiguration section */

/* Begin XCConfigurationList section */
		5C063C5324460CA100BAF316 /* Build configuration list for PBXProject "Day36_Project7" */ = {
			isa = XCConfigurationList;
			buildConfigurations = (
				5C063C8024460CA300BAF316 /* Debug */,
				5C063C8124460CA300BAF316 /* Release */,
			);
			defaultConfigurationIsVisible = 0;
			defaultConfigurationName = Release;
		};
		5C063C8224460CA300BAF316 /* Build configuration list for PBXNativeTarget "Day36_Project7" */ = {
			isa = XCConfigurationList;
			buildConfigurations = (
				5C063C8324460CA300BAF316 /* Debug */,
				5C063C8424460CA300BAF316 /* Release */,
			);
			defaultConfigurationIsVisible = 0;
			defaultConfigurationName = Release;
		};
		5C063C8524460CA300BAF316 /* Build configuration list for PBXNativeTarget "Day36_Project7Tests" */ = {
			isa = XCConfigurationList;
			buildConfigurations = (
				5C063C8624460CA300BAF316 /* Debug */,
				5C063C8724460CA300BAF316 /* Release */,
			);
			defaultConfigurationIsVisible = 0;
			defaultConfigurationName = Release;
		};
		5C063C8824460CA300BAF316 /* Build configuration list for PBXNativeTarget "Day36_Project7UITests" */ = {
			isa = XCConfigurationList;
			buildConfigurations = (
				5C063C8924460CA300BAF316 /* Debug */,
				5C063C8A24460CA300BAF316 /* Release */,
			);
			defaultConfigurationIsVisible = 0;
			defaultConfigurationName = Release;
		};
/* End XCConfigurationList section */
	};
	rootObject = 5C063C5024460CA100BAF316 /* Project object */;
}
