// !$*UTF8*$!
{
	archiveVersion = 1;
	classes = {
	};
	objectVersion = 50;
	objects = {

/* Begin PBXBuildFile section */
		5C793394242A5D1A00C9EABA /* AppDelegate.swift in Sources */ = {isa = PBXBuildFile; fileRef = 5C793393242A5D1A00C9EABA /* AppDelegate.swift */; };
		5C793396242A5D1A00C9EABA /* SceneDelegate.swift in Sources */ = {isa = PBXBuildFile; fileRef = 5C793395242A5D1A00C9EABA /* SceneDelegate.swift */; };
		5C793398242A5D1A00C9EABA /* ContentView.swift in Sources */ = {isa = PBXBuildFile; fileRef = 5C793397242A5D1A00C9EABA /* ContentView.swift */; };
		5C79339A242A5D1C00C9EABA /* Assets.xcassets in Resources */ = {isa = PBXBuildFile; fileRef = 5C793399242A5D1C00C9EABA /* Assets.xcassets */; };
		5C79339D242A5D1C00C9EABA /* Preview Assets.xcassets in Resources */ = {isa = PBXBuildFile; fileRef = 5C79339C242A5D1C00C9EABA /* Preview Assets.xcassets */; };
		5C7933A0242A5D1C00C9EABA /* LaunchScreen.storyboard in Resources */ = {isa = PBXBuildFile; fileRef = 5C79339E242A5D1C00C9EABA /* LaunchScreen.storyboard */; };
		5C7933AB242A5D1C00C9EABA /* Sundell_SwiftUITests.swift in Sources */ = {isa = PBXBuildFile; fileRef = 5C7933AA242A5D1C00C9EABA /* Sundell_SwiftUITests.swift */; };
		5C7933B6242A5D1C00C9EABA /* Sundell_SwiftUIUITests.swift in Sources */ = {isa = PBXBuildFile; fileRef = 5C7933B5242A5D1C00C9EABA /* Sundell_SwiftUIUITests.swift */; };
/* End PBXBuildFile section */

/* Begin PBXContainerItemProxy section */
		5C7933A7242A5D1C00C9EABA /* PBXContainerItemProxy */ = {
			isa = PBXContainerItemProxy;
			containerPortal = 5C793388242A5D1A00C9EABA /* Project object */;
			proxyType = 1;
			remoteGlobalIDString = 5C79338F242A5D1A00C9EABA;
			remoteInfo = Sundell_SwiftUI;
		};
		5C7933B2242A5D1C00C9EABA /* PBXContainerItemProxy */ = {
			isa = PBXContainerItemProxy;
			containerPortal = 5C793388242A5D1A00C9EABA /* Project object */;
			proxyType = 1;
			remoteGlobalIDString = 5C79338F242A5D1A00C9EABA;
			remoteInfo = Sundell_SwiftUI;
		};
/* End PBXContainerItemProxy section */

/* Begin PBXFileReference section */
		5C793390242A5D1A00C9EABA /* Sundell_SwiftUI.app */ = {isa = PBXFileReference; explicitFileType = wrapper.application; includeInIndex = 0; path = Sundell_SwiftUI.app; sourceTree = BUILT_PRODUCTS_DIR; };
		5C793393242A5D1A00C9EABA /* AppDelegate.swift */ = {isa = PBXFileReference; lastKnownFileType = sourcecode.swift; path = AppDelegate.swift; sourceTree = "<group>"; };
		5C793395242A5D1A00C9EABA /* SceneDelegate.swift */ = {isa = PBXFileReference; lastKnownFileType = sourcecode.swift; path = SceneDelegate.swift; sourceTree = "<group>"; };
		5C793397242A5D1A00C9EABA /* ContentView.swift */ = {isa = PBXFileReference; lastKnownFileType = sourcecode.swift; path = ContentView.swift; sourceTree = "<group>"; };
		5C793399242A5D1C00C9EABA /* Assets.xcassets */ = {isa = PBXFileReference; lastKnownFileType = folder.assetcatalog; path = Assets.xcassets; sourceTree = "<group>"; };
		5C79339C242A5D1C00C9EABA /* Preview Assets.xcassets */ = {isa = PBXFileReference; lastKnownFileType = folder.assetcatalog; path = "Preview Assets.xcassets"; sourceTree = "<group>"; };
		5C79339F242A5D1C00C9EABA /* Base */ = {isa = PBXFileReference; lastKnownFileType = file.storyboard; name = Base; path = Base.lproj/LaunchScreen.storyboard; sourceTree = "<group>"; };
		5C7933A1242A5D1C00C9EABA /* Info.plist */ = {isa = PBXFileReference; lastKnownFileType = text.plist.xml; path = Info.plist; sourceTree = "<group>"; };
		5C7933A6242A5D1C00C9EABA /* Sundell_SwiftUITests.xctest */ = {isa = PBXFileReference; explicitFileType = wrapper.cfbundle; includeInIndex = 0; path = Sundell_SwiftUITests.xctest; sourceTree = BUILT_PRODUCTS_DIR; };
		5C7933AA242A5D1C00C9EABA /* Sundell_SwiftUITests.swift */ = {isa = PBXFileReference; lastKnownFileType = sourcecode.swift; path = Sundell_SwiftUITests.swift; sourceTree = "<group>"; };
		5C7933AC242A5D1C00C9EABA /* Info.plist */ = {isa = PBXFileReference; lastKnownFileType = text.plist.xml; path = Info.plist; sourceTree = "<group>"; };
		5C7933B1242A5D1C00C9EABA /* Sundell_SwiftUIUITests.xctest */ = {isa = PBXFileReference; explicitFileType = wrapper.cfbundle; includeInIndex = 0; path = Sundell_SwiftUIUITests.xctest; sourceTree = BUILT_PRODUCTS_DIR; };
		5C7933B5242A5D1C00C9EABA /* Sundell_SwiftUIUITests.swift */ = {isa = PBXFileReference; lastKnownFileType = sourcecode.swift; path = Sundell_SwiftUIUITests.swift; sourceTree = "<group>"; };
		5C7933B7242A5D1C00C9EABA /* Info.plist */ = {isa = PBXFileReference; lastKnownFileType = text.plist.xml; path = Info.plist; sourceTree = "<group>"; };
/* End PBXFileReference section */

/* Begin PBXFrameworksBuildPhase section */
		5C79338D242A5D1A00C9EABA /* Frameworks */ = {
			isa = PBXFrameworksBuildPhase;
			buildActionMask = 2147483647;
			files = (
			);
			runOnlyForDeploymentPostprocessing = 0;
		};
		5C7933A3242A5D1C00C9EABA /* Frameworks */ = {
			isa = PBXFrameworksBuildPhase;
			buildActionMask = 2147483647;
			files = (
			);
			runOnlyForDeploymentPostprocessing = 0;
		};
		5C7933AE242A5D1C00C9EABA /* Frameworks */ = {
			isa = PBXFrameworksBuildPhase;
			buildActionMask = 2147483647;
			files = (
			);
			runOnlyForDeploymentPostprocessing = 0;
		};
/* End PBXFrameworksBuildPhase section */

/* Begin PBXGroup section */
		5C793387242A5D1A00C9EABA = {
			isa = PBXGroup;
			children = (
				5C793392242A5D1A00C9EABA /* Sundell_SwiftUI */,
				5C7933A9242A5D1C00C9EABA /* Sundell_SwiftUITests */,
				5C7933B4242A5D1C00C9EABA /* Sundell_SwiftUIUITests */,
				5C793391242A5D1A00C9EABA /* Products */,
			);
			sourceTree = "<group>";
		};
		5C793391242A5D1A00C9EABA /* Products */ = {
			isa = PBXGroup;
			children = (
				5C793390242A5D1A00C9EABA /* Sundell_SwiftUI.app */,
				5C7933A6242A5D1C00C9EABA /* Sundell_SwiftUITests.xctest */,
				5C7933B1242A5D1C00C9EABA /* Sundell_SwiftUIUITests.xctest */,
			);
			name = Products;
			sourceTree = "<group>";
		};
		5C793392242A5D1A00C9EABA /* Sundell_SwiftUI */ = {
			isa = PBXGroup;
			children = (
				5C793393242A5D1A00C9EABA /* AppDelegate.swift */,
				5C793395242A5D1A00C9EABA /* SceneDelegate.swift */,
				5C793397242A5D1A00C9EABA /* ContentView.swift */,
				5C793399242A5D1C00C9EABA /* Assets.xcassets */,
				5C79339E242A5D1C00C9EABA /* LaunchScreen.storyboard */,
				5C7933A1242A5D1C00C9EABA /* Info.plist */,
				5C79339B242A5D1C00C9EABA /* Preview Content */,
			);
			path = Sundell_SwiftUI;
			sourceTree = "<group>";
		};
		5C79339B242A5D1C00C9EABA /* Preview Content */ = {
			isa = PBXGroup;
			children = (
				5C79339C242A5D1C00C9EABA /* Preview Assets.xcassets */,
			);
			path = "Preview Content";
			sourceTree = "<group>";
		};
		5C7933A9242A5D1C00C9EABA /* Sundell_SwiftUITests */ = {
			isa = PBXGroup;
			children = (
				5C7933AA242A5D1C00C9EABA /* Sundell_SwiftUITests.swift */,
				5C7933AC242A5D1C00C9EABA /* Info.plist */,
			);
			path = Sundell_SwiftUITests;
			sourceTree = "<group>";
		};
		5C7933B4242A5D1C00C9EABA /* Sundell_SwiftUIUITests */ = {
			isa = PBXGroup;
			children = (
				5C7933B5242A5D1C00C9EABA /* Sundell_SwiftUIUITests.swift */,
				5C7933B7242A5D1C00C9EABA /* Info.plist */,
			);
			path = Sundell_SwiftUIUITests;
			sourceTree = "<group>";
		};
/* End PBXGroup section */

/* Begin PBXNativeTarget section */
		5C79338F242A5D1A00C9EABA /* Sundell_SwiftUI */ = {
			isa = PBXNativeTarget;
			buildConfigurationList = 5C7933BA242A5D1C00C9EABA /* Build configuration list for PBXNativeTarget "Sundell_SwiftUI" */;
			buildPhases = (
				5C79338C242A5D1A00C9EABA /* Sources */,
				5C79338D242A5D1A00C9EABA /* Frameworks */,
				5C79338E242A5D1A00C9EABA /* Resources */,
			);
			buildRules = (
			);
			dependencies = (
			);
			name = Sundell_SwiftUI;
			productName = Sundell_SwiftUI;
			productReference = 5C793390242A5D1A00C9EABA /* Sundell_SwiftUI.app */;
			productType = "com.apple.product-type.application";
		};
		5C7933A5242A5D1C00C9EABA /* Sundell_SwiftUITests */ = {
			isa = PBXNativeTarget;
			buildConfigurationList = 5C7933BD242A5D1C00C9EABA /* Build configuration list for PBXNativeTarget "Sundell_SwiftUITests" */;
			buildPhases = (
				5C7933A2242A5D1C00C9EABA /* Sources */,
				5C7933A3242A5D1C00C9EABA /* Frameworks */,
				5C7933A4242A5D1C00C9EABA /* Resources */,
			);
			buildRules = (
			);
			dependencies = (
				5C7933A8242A5D1C00C9EABA /* PBXTargetDependency */,
			);
			name = Sundell_SwiftUITests;
			productName = Sundell_SwiftUITests;
			productReference = 5C7933A6242A5D1C00C9EABA /* Sundell_SwiftUITests.xctest */;
			productType = "com.apple.product-type.bundle.unit-test";
		};
		5C7933B0242A5D1C00C9EABA /* Sundell_SwiftUIUITests */ = {
			isa = PBXNativeTarget;
			buildConfigurationList = 5C7933C0242A5D1C00C9EABA /* Build configuration list for PBXNativeTarget "Sundell_SwiftUIUITests" */;
			buildPhases = (
				5C7933AD242A5D1C00C9EABA /* Sources */,
				5C7933AE242A5D1C00C9EABA /* Frameworks */,
				5C7933AF242A5D1C00C9EABA /* Resources */,
			);
			buildRules = (
			);
			dependencies = (
				5C7933B3242A5D1C00C9EABA /* PBXTargetDependency */,
			);
			name = Sundell_SwiftUIUITests;
			productName = Sundell_SwiftUIUITests;
			productReference = 5C7933B1242A5D1C00C9EABA /* Sundell_SwiftUIUITests.xctest */;
			productType = "com.apple.product-type.bundle.ui-testing";
		};
/* End PBXNativeTarget section */

/* Begin PBXProject section */
		5C793388242A5D1A00C9EABA /* Project object */ = {
			isa = PBXProject;
			attributes = {
				LastSwiftUpdateCheck = 1130;
				LastUpgradeCheck = 1130;
				ORGANIZATIONNAME = jb;
				TargetAttributes = {
					5C79338F242A5D1A00C9EABA = {
						CreatedOnToolsVersion = 11.3.1;
					};
					5C7933A5242A5D1C00C9EABA = {
						CreatedOnToolsVersion = 11.3.1;
						TestTargetID = 5C79338F242A5D1A00C9EABA;
					};
					5C7933B0242A5D1C00C9EABA = {
						CreatedOnToolsVersion = 11.3.1;
						TestTargetID = 5C79338F242A5D1A00C9EABA;
					};
				};
			};
			buildConfigurationList = 5C79338B242A5D1A00C9EABA /* Build configuration list for PBXProject "Sundell_SwiftUI" */;
			compatibilityVersion = "Xcode 9.3";
			developmentRegion = en;
			hasScannedForEncodings = 0;
			knownRegions = (
				en,
				Base,
			);
			mainGroup = 5C793387242A5D1A00C9EABA;
			productRefGroup = 5C793391242A5D1A00C9EABA /* Products */;
			projectDirPath = "";
			projectRoot = "";
			targets = (
				5C79338F242A5D1A00C9EABA /* Sundell_SwiftUI */,
				5C7933A5242A5D1C00C9EABA /* Sundell_SwiftUITests */,
				5C7933B0242A5D1C00C9EABA /* Sundell_SwiftUIUITests */,
			);
		};
/* End PBXProject section */

/* Begin PBXResourcesBuildPhase section */
		5C79338E242A5D1A00C9EABA /* Resources */ = {
			isa = PBXResourcesBuildPhase;
			buildActionMask = 2147483647;
			files = (
				5C7933A0242A5D1C00C9EABA /* LaunchScreen.storyboard in Resources */,
				5C79339D242A5D1C00C9EABA /* Preview Assets.xcassets in Resources */,
				5C79339A242A5D1C00C9EABA /* Assets.xcassets in Resources */,
			);
			runOnlyForDeploymentPostprocessing = 0;
		};
		5C7933A4242A5D1C00C9EABA /* Resources */ = {
			isa = PBXResourcesBuildPhase;
			buildActionMask = 2147483647;
			files = (
			);
			runOnlyForDeploymentPostprocessing = 0;
		};
		5C7933AF242A5D1C00C9EABA /* Resources */ = {
			isa = PBXResourcesBuildPhase;
			buildActionMask = 2147483647;
			files = (
			);
			runOnlyForDeploymentPostprocessing = 0;
		};
/* End PBXResourcesBuildPhase section */

/* Begin PBXSourcesBuildPhase section */
		5C79338C242A5D1A00C9EABA /* Sources */ = {
			isa = PBXSourcesBuildPhase;
			buildActionMask = 2147483647;
			files = (
				5C793394242A5D1A00C9EABA /* AppDelegate.swift in Sources */,
				5C793396242A5D1A00C9EABA /* SceneDelegate.swift in Sources */,
				5C793398242A5D1A00C9EABA /* ContentView.swift in Sources */,
			);
			runOnlyForDeploymentPostprocessing = 0;
		};
		5C7933A2242A5D1C00C9EABA /* Sources */ = {
			isa = PBXSourcesBuildPhase;
			buildActionMask = 2147483647;
			files = (
				5C7933AB242A5D1C00C9EABA /* Sundell_SwiftUITests.swift in Sources */,
			);
			runOnlyForDeploymentPostprocessing = 0;
		};
		5C7933AD242A5D1C00C9EABA /* Sources */ = {
			isa = PBXSourcesBuildPhase;
			buildActionMask = 2147483647;
			files = (
				5C7933B6242A5D1C00C9EABA /* Sundell_SwiftUIUITests.swift in Sources */,
			);
			runOnlyForDeploymentPostprocessing = 0;
		};
/* End PBXSourcesBuildPhase section */

/* Begin PBXTargetDependency section */
		5C7933A8242A5D1C00C9EABA /* PBXTargetDependency */ = {
			isa = PBXTargetDependency;
			target = 5C79338F242A5D1A00C9EABA /* Sundell_SwiftUI */;
			targetProxy = 5C7933A7242A5D1C00C9EABA /* PBXContainerItemProxy */;
		};
		5C7933B3242A5D1C00C9EABA /* PBXTargetDependency */ = {
			isa = PBXTargetDependency;
			target = 5C79338F242A5D1A00C9EABA /* Sundell_SwiftUI */;
			targetProxy = 5C7933B2242A5D1C00C9EABA /* PBXContainerItemProxy */;
		};
/* End PBXTargetDependency section */

/* Begin PBXVariantGroup section */
		5C79339E242A5D1C00C9EABA /* LaunchScreen.storyboard */ = {
			isa = PBXVariantGroup;
			children = (
				5C79339F242A5D1C00C9EABA /* Base */,
			);
			name = LaunchScreen.storyboard;
			sourceTree = "<group>";
		};
/* End PBXVariantGroup section */

/* Begin XCBuildConfiguration section */
		5C7933B8242A5D1C00C9EABA /* Debug */ = {
			isa = XCBuildConfiguration;
			buildSettings = {
				ALWAYS_SEARCH_USER_PATHS = NO;
				CLANG_ANALYZER_NONNULL = YES;
				CLANG_ANALYZER_NUMBER_OBJECT_CONVERSION = YES_AGGRESSIVE;
				CLANG_CXX_LANGUAGE_STANDARD = "gnu++14";
				CLANG_CXX_LIBRARY = "libc++";
				CLANG_ENABLE_MODULES = YES;
				CLANG_ENABLE_OBJC_ARC = YES;
				CLANG_ENABLE_OBJC_WEAK = YES;
				CLANG_WARN_BLOCK_CAPTURE_AUTORELEASING = YES;
				CLANG_WARN_BOOL_CONVERSION = YES;
				CLANG_WARN_COMMA = YES;
				CLANG_WARN_CONSTANT_CONVERSION = YES;
				CLANG_WARN_DEPRECATED_OBJC_IMPLEMENTATIONS = YES;
				CLANG_WARN_DIRECT_OBJC_ISA_USAGE = YES_ERROR;
				CLANG_WARN_DOCUMENTATION_COMMENTS = YES;
				CLANG_WARN_EMPTY_BODY = YES;
				CLANG_WARN_ENUM_CONVERSION = YES;
				CLANG_WARN_INFINITE_RECURSION = YES;
				CLANG_WARN_INT_CONVERSION = YES;
				CLANG_WARN_NON_LITERAL_NULL_CONVERSION = YES;
				CLANG_WARN_OBJC_IMPLICIT_RETAIN_SELF = YES;
				CLANG_WARN_OBJC_LITERAL_CONVERSION = YES;
				CLANG_WARN_OBJC_ROOT_CLASS = YES_ERROR;
				CLANG_WARN_RANGE_LOOP_ANALYSIS = YES;
				CLANG_WARN_STRICT_PROTOTYPES = YES;
				CLANG_WARN_SUSPICIOUS_MOVE = YES;
				CLANG_WARN_UNGUARDED_AVAILABILITY = YES_AGGRESSIVE;
				CLANG_WARN_UNREACHABLE_CODE = YES;
				CLANG_WARN__DUPLICATE_METHOD_MATCH = YES;
				COPY_PHASE_STRIP = NO;
				DEBUG_INFORMATION_FORMAT = dwarf;
				ENABLE_STRICT_OBJC_MSGSEND = YES;
				ENABLE_TESTABILITY = YES;
				GCC_C_LANGUAGE_STANDARD = gnu11;
				GCC_DYNAMIC_NO_PIC = NO;
				GCC_NO_COMMON_BLOCKS = YES;
				GCC_OPTIMIZATION_LEVEL = 0;
				GCC_PREPROCESSOR_DEFINITIONS = (
					"DEBUG=1",
					"$(inherited)",
				);
				GCC_WARN_64_TO_32_BIT_CONVERSION = YES;
				GCC_WARN_ABOUT_RETURN_TYPE = YES_ERROR;
				GCC_WARN_UNDECLARED_SELECTOR = YES;
				GCC_WARN_UNINITIALIZED_AUTOS = YES_AGGRESSIVE;
				GCC_WARN_UNUSED_FUNCTION = YES;
				GCC_WARN_UNUSED_VARIABLE = YES;
				IPHONEOS_DEPLOYMENT_TARGET = 13.2;
				MTL_ENABLE_DEBUG_INFO = INCLUDE_SOURCE;
				MTL_FAST_MATH = YES;
				ONLY_ACTIVE_ARCH = YES;
				SDKROOT = iphoneos;
				SWIFT_ACTIVE_COMPILATION_CONDITIONS = DEBUG;
				SWIFT_OPTIMIZATION_LEVEL = "-Onone";
			};
			name = Debug;
		};
		5C7933B9242A5D1C00C9EABA /* Release */ = {
			isa = XCBuildConfiguration;
			buildSettings = {
				ALWAYS_SEARCH_USER_PATHS = NO;
				CLANG_ANALYZER_NONNULL = YES;
				CLANG_ANALYZER_NUMBER_OBJECT_CONVERSION = YES_AGGRESSIVE;
				CLANG_CXX_LANGUAGE_STANDARD = "gnu++14";
				CLANG_CXX_LIBRARY = "libc++";
				CLANG_ENABLE_MODULES = YES;
				CLANG_ENABLE_OBJC_ARC = YES;
				CLANG_ENABLE_OBJC_WEAK = YES;
				CLANG_WARN_BLOCK_CAPTURE_AUTORELEASING = YES;
				CLANG_WARN_BOOL_CONVERSION = YES;
				CLANG_WARN_COMMA = YES;
				CLANG_WARN_CONSTANT_CONVERSION = YES;
				CLANG_WARN_DEPRECATED_OBJC_IMPLEMENTATIONS = YES;
				CLANG_WARN_DIRECT_OBJC_ISA_USAGE = YES_ERROR;
				CLANG_WARN_DOCUMENTATION_COMMENTS = YES;
				CLANG_WARN_EMPTY_BODY = YES;
				CLANG_WARN_ENUM_CONVERSION = YES;
				CLANG_WARN_INFINITE_RECURSION = YES;
				CLANG_WARN_INT_CONVERSION = YES;
				CLANG_WARN_NON_LITERAL_NULL_CONVERSION = YES;
				CLANG_WARN_OBJC_IMPLICIT_RETAIN_SELF = YES;
				CLANG_WARN_OBJC_LITERAL_CONVERSION = YES;
				CLANG_WARN_OBJC_ROOT_CLASS = YES_ERROR;
				CLANG_WARN_RANGE_LOOP_ANALYSIS = YES;
				CLANG_WARN_STRICT_PROTOTYPES = YES;
				CLANG_WARN_SUSPICIOUS_MOVE = YES;
				CLANG_WARN_UNGUARDED_AVAILABILITY = YES_AGGRESSIVE;
				CLANG_WARN_UNREACHABLE_CODE = YES;
				CLANG_WARN__DUPLICATE_METHOD_MATCH = YES;
				COPY_PHASE_STRIP = NO;
				DEBUG_INFORMATION_FORMAT = "dwarf-with-dsym";
				ENABLE_NS_ASSERTIONS = NO;
				ENABLE_STRICT_OBJC_MSGSEND = YES;
				GCC_C_LANGUAGE_STANDARD = gnu11;
				GCC_NO_COMMON_BLOCKS = YES;
				GCC_WARN_64_TO_32_BIT_CONVERSION = YES;
				GCC_WARN_ABOUT_RETURN_TYPE = YES_ERROR;
				GCC_WARN_UNDECLARED_SELECTOR = YES;
				GCC_WARN_UNINITIALIZED_AUTOS = YES_AGGRESSIVE;
				GCC_WARN_UNUSED_FUNCTION = YES;
				GCC_WARN_UNUSED_VARIABLE = YES;
				IPHONEOS_DEPLOYMENT_TARGET = 13.2;
				MTL_ENABLE_DEBUG_INFO = NO;
				MTL_FAST_MATH = YES;
				SDKROOT = iphoneos;
				SWIFT_COMPILATION_MODE = wholemodule;
				SWIFT_OPTIMIZATION_LEVEL = "-O";
				VALIDATE_PRODUCT = YES;
			};
			name = Release;
		};
		5C7933BB242A5D1C00C9EABA /* Debug */ = {
			isa = XCBuildConfiguration;
			buildSettings = {
				ASSETCATALOG_COMPILER_APPICON_NAME = AppIcon;
				CODE_SIGN_STYLE = Automatic;
				DEVELOPMENT_ASSET_PATHS = "\"Sundell_SwiftUI/Preview Content\"";
				DEVELOPMENT_TEAM = 5QZXV9E6SU;
				ENABLE_PREVIEWS = YES;
				INFOPLIST_FILE = Sundell_SwiftUI/Info.plist;
				LD_RUNPATH_SEARCH_PATHS = (
					"$(inherited)",
					"@executable_path/Frameworks",
				);
				PRODUCT_BUNDLE_IDENTIFIER = "me.buhler.Sundell-SwiftUI";
				PRODUCT_NAME = "$(TARGET_NAME)";
				SWIFT_VERSION = 5.0;
				TARGETED_DEVICE_FAMILY = "1,2";
			};
			name = Debug;
		};
		5C7933BC242A5D1C00C9EABA /* Release */ = {
			isa = XCBuildConfiguration;
			buildSettings = {
				ASSETCATALOG_COMPILER_APPICON_NAME = AppIcon;
				CODE_SIGN_STYLE = Automatic;
				DEVELOPMENT_ASSET_PATHS = "\"Sundell_SwiftUI/Preview Content\"";
				DEVELOPMENT_TEAM = 5QZXV9E6SU;
				ENABLE_PREVIEWS = YES;
				INFOPLIST_FILE = Sundell_SwiftUI/Info.plist;
				LD_RUNPATH_SEARCH_PATHS = (
					"$(inherited)",
					"@executable_path/Frameworks",
				);
				PRODUCT_BUNDLE_IDENTIFIER = "me.buhler.Sundell-SwiftUI";
				PRODUCT_NAME = "$(TARGET_NAME)";
				SWIFT_VERSION = 5.0;
				TARGETED_DEVICE_FAMILY = "1,2";
			};
			name = Release;
		};
		5C7933BE242A5D1C00C9EABA /* Debug */ = {
			isa = XCBuildConfiguration;
			buildSettings = {
				ALWAYS_EMBED_SWIFT_STANDARD_LIBRARIES = YES;
				BUNDLE_LOADER = "$(TEST_HOST)";
				CODE_SIGN_STYLE = Automatic;
				DEVELOPMENT_TEAM = 5QZXV9E6SU;
				INFOPLIST_FILE = Sundell_SwiftUITests/Info.plist;
				IPHONEOS_DEPLOYMENT_TARGET = 13.2;
				LD_RUNPATH_SEARCH_PATHS = (
					"$(inherited)",
					"@executable_path/Frameworks",
					"@loader_path/Frameworks",
				);
				PRODUCT_BUNDLE_IDENTIFIER = "me.buhler.Sundell-SwiftUITests";
				PRODUCT_NAME = "$(TARGET_NAME)";
				SWIFT_VERSION = 5.0;
				TARGETED_DEVICE_FAMILY = "1,2";
				TEST_HOST = "$(BUILT_PRODUCTS_DIR)/Sundell_SwiftUI.app/Sundell_SwiftUI";
			};
			name = Debug;
		};
		5C7933BF242A5D1C00C9EABA /* Release */ = {
			isa = XCBuildConfiguration;
			buildSettings = {
				ALWAYS_EMBED_SWIFT_STANDARD_LIBRARIES = YES;
				BUNDLE_LOADER = "$(TEST_HOST)";
				CODE_SIGN_STYLE = Automatic;
				DEVELOPMENT_TEAM = 5QZXV9E6SU;
				INFOPLIST_FILE = Sundell_SwiftUITests/Info.plist;
				IPHONEOS_DEPLOYMENT_TARGET = 13.2;
				LD_RUNPATH_SEARCH_PATHS = (
					"$(inherited)",
					"@executable_path/Frameworks",
					"@loader_path/Frameworks",
				);
				PRODUCT_BUNDLE_IDENTIFIER = "me.buhler.Sundell-SwiftUITests";
				PRODUCT_NAME = "$(TARGET_NAME)";
				SWIFT_VERSION = 5.0;
				TARGETED_DEVICE_FAMILY = "1,2";
				TEST_HOST = "$(BUILT_PRODUCTS_DIR)/Sundell_SwiftUI.app/Sundell_SwiftUI";
			};
			name = Release;
		};
		5C7933C1242A5D1C00C9EABA /* Debug */ = {
			isa = XCBuildConfiguration;
			buildSettings = {
				ALWAYS_EMBED_SWIFT_STANDARD_LIBRARIES = YES;
				CODE_SIGN_STYLE = Automatic;
				DEVELOPMENT_TEAM = 5QZXV9E6SU;
				INFOPLIST_FILE = Sundell_SwiftUIUITests/Info.plist;
				LD_RUNPATH_SEARCH_PATHS = (
					"$(inherited)",
					"@executable_path/Frameworks",
					"@loader_path/Frameworks",
				);
				PRODUCT_BUNDLE_IDENTIFIER = "me.buhler.Sundell-SwiftUIUITests";
				PRODUCT_NAME = "$(TARGET_NAME)";
				SWIFT_VERSION = 5.0;
				TARGETED_DEVICE_FAMILY = "1,2";
				TEST_TARGET_NAME = Sundell_SwiftUI;
			};
			name = Debug;
		};
		5C7933C2242A5D1C00C9EABA /* Release */ = {
			isa = XCBuildConfiguration;
			buildSettings = {
				ALWAYS_EMBED_SWIFT_STANDARD_LIBRARIES = YES;
				CODE_SIGN_STYLE = Automatic;
				DEVELOPMENT_TEAM = 5QZXV9E6SU;
				INFOPLIST_FILE = Sundell_SwiftUIUITests/Info.plist;
				LD_RUNPATH_SEARCH_PATHS = (
					"$(inherited)",
					"@executable_path/Frameworks",
					"@loader_path/Frameworks",
				);
				PRODUCT_BUNDLE_IDENTIFIER = "me.buhler.Sundell-SwiftUIUITests";
				PRODUCT_NAME = "$(TARGET_NAME)";
				SWIFT_VERSION = 5.0;
				TARGETED_DEVICE_FAMILY = "1,2";
				TEST_TARGET_NAME = Sundell_SwiftUI;
			};
			name = Release;
		};
/* End XCBuildConfiguration section */

/* Begin XCConfigurationList section */
		5C79338B242A5D1A00C9EABA /* Build configuration list for PBXProject "Sundell_SwiftUI" */ = {
			isa = XCConfigurationList;
			buildConfigurations = (
				5C7933B8242A5D1C00C9EABA /* Debug */,
				5C7933B9242A5D1C00C9EABA /* Release */,
			);
			defaultConfigurationIsVisible = 0;
			defaultConfigurationName = Release;
		};
		5C7933BA242A5D1C00C9EABA /* Build configuration list for PBXNativeTarget "Sundell_SwiftUI" */ = {
			isa = XCConfigurationList;
			buildConfigurations = (
				5C7933BB242A5D1C00C9EABA /* Debug */,
				5C7933BC242A5D1C00C9EABA /* Release */,
			);
			defaultConfigurationIsVisible = 0;
			defaultConfigurationName = Release;
		};
		5C7933BD242A5D1C00C9EABA /* Build configuration list for PBXNativeTarget "Sundell_SwiftUITests" */ = {
			isa = XCConfigurationList;
			buildConfigurations = (
				5C7933BE242A5D1C00C9EABA /* Debug */,
				5C7933BF242A5D1C00C9EABA /* Release */,
			);
			defaultConfigurationIsVisible = 0;
			defaultConfigurationName = Release;
		};
		5C7933C0242A5D1C00C9EABA /* Build configuration list for PBXNativeTarget "Sundell_SwiftUIUITests" */ = {
			isa = XCConfigurationList;
			buildConfigurations = (
				5C7933C1242A5D1C00C9EABA /* Debug */,
				5C7933C2242A5D1C00C9EABA /* Release */,
			);
			defaultConfigurationIsVisible = 0;
			defaultConfigurationName = Release;
		};
/* End XCConfigurationList section */
	};
	rootObject = 5C793388242A5D1A00C9EABA /* Project object */;
}
